
Microsoft Visual Studio Solution File, Format Version 12.00
# Visual Studio 15
VisualStudioVersion = 15.0.28307.1267
MinimumVisualStudioVersion = 10.0.40219.1
Project("{FAE04EC0-301F-11D3-BF4B-00C04F79EFBC}") = "ClientReservasi-120", "ClientReservasi-120\ClientReservasi-120.csproj", "{4BD49520-6EE2-402A-BA1C-52DEBC2094D7}"
EndProject
Global
	GlobalSection(SolutionConfigurationPlatforms) = preSolution
		Debug|Any CPU = Debug|Any CPU
		Release|Any CPU = Release|Any CPU
	EndGlobalSection
	GlobalSection(ProjectConfigurationPlatforms) = postSolution
		{4BD49520-6EE2-402A-BA1C-52DEBC2094D7}.Debug|Any CPU.ActiveCfg = Debug|Any CPU
		{4BD49520-6EE2-402A-BA1C-52DEBC2094D7}.Debug|Any CPU.Build.0 = Debug|Any CPU
		{4BD49520-6EE2-402A-BA1C-52DEBC2094D7}.Release|Any CPU.ActiveCfg = Release|Any CPU
		{4BD49520-6EE2-402A-BA1C-52DEBC2094D7}.Release|Any CPU.Build.0 = Release|Any CPU
	EndGlobalSection
	GlobalSection(SolutionProperties) = preSolution
		HideSolutionNode = FALSE
	EndGlobalSection
	GlobalSection(ExtensibilityGlobals) = postSolution
		SolutionGuid = {121B9E8A-B9C6-4983-9158-778F6F42E375}
	EndGlobalSection
EndGlobal
